
Microsoft Visual Studio Solution File, Format Version 12.00
# Visual Studio 14
VisualStudioVersion = 14.0.25123.0
MinimumVisualStudioVersion = 10.0.40219.1
Project("{FAE04EC0-301F-11D3-BF4B-00C04F79EFBC}") = "BowlingKata.Src", "BowlingKata.Src\BowlingKata.Src.csproj", "{DEC2FF0A-BFB0-4959-9E26-5F3DEBC20DAD}"
EndProject
Project("{FAE04EC0-301F-11D3-BF4B-00C04F79EFBC}") = "BowlingKata.Tests", "BowlingKata.Tests\BowlingKata.Tests.csproj", "{B471C9EC-3970-4E1F-A1E8-ED452E8F67DA}"
EndProject
Global
	GlobalSection(SolutionConfigurationPlatforms) = preSolution
		Debug|Any CPU = Debug|Any CPU
		Release|Any CPU = Release|Any CPU
	EndGlobalSection
	GlobalSection(ProjectConfigurationPlatforms) = postSolution
		{DEC2FF0A-BFB0-4959-9E26-5F3DEBC20DAD}.Debug|Any CPU.ActiveCfg = Debug|Any CPU
		{DEC2FF0A-BFB0-4959-9E26-5F3DEBC20DAD}.Debug|Any CPU.Build.0 = Debug|Any CPU
		{DEC2FF0A-BFB0-4959-9E26-5F3DEBC20DAD}.Release|Any CPU.ActiveCfg = Release|Any CPU
		{DEC2FF0A-BFB0-4959-9E26-5F3DEBC20DAD}.Release|Any CPU.Build.0 = Release|Any CPU
		{B471C9EC-3970-4E1F-A1E8-ED452E8F67DA}.Debug|Any CPU.ActiveCfg = Debug|Any CPU
		{B471C9EC-3970-4E1F-A1E8-ED452E8F67DA}.Debug|Any CPU.Build.0 = Debug|Any CPU
		{B471C9EC-3970-4E1F-A1E8-ED452E8F67DA}.Release|Any CPU.ActiveCfg = Release|Any CPU
		{B471C9EC-3970-4E1F-A1E8-ED452E8F67DA}.Release|Any CPU.Build.0 = Release|Any CPU
	EndGlobalSection
	GlobalSection(SolutionProperties) = preSolution
		HideSolutionNode = FALSE
	EndGlobalSection
EndGlobal
